
Microsoft Visual Studio Solution File, Format Version 12.00
# Visual Studio 15
VisualStudioVersion = 15.0.27004.2002
MinimumVisualStudioVersion = 10.0.40219.1
Project("{9A19103F-16F7-4668-BE54-9A1E7A4F7556}") = "GoldMountainApi", "GoldMountainApi\GoldMountainApi.csproj", "{42636363-5398-4524-8796-9CD0CB17E018}"
EndProject
Project("{9A19103F-16F7-4668-BE54-9A1E7A4F7556}") = "DataProvider", "DataProvider\DataProvider.csproj", "{65186813-7F5D-4AEA-AD30-3162BABFB54E}"
EndProject
Project("{9A19103F-16F7-4668-BE54-9A1E7A4F7556}") = "GoldMountainShared", "GoldMountainShared\GoldMountainShared.csproj", "{CFA988BC-7BF6-40D1-9196-D437CE36C02E}"
EndProject
Project("{9A19103F-16F7-4668-BE54-9A1E7A4F7556}") = "DbTest", "DbTest\DbTest.csproj", "{96F54586-9268-4362-AD42-1DF3937671CC}"
EndProject
Project("{9A19103F-16F7-4668-BE54-9A1E7A4F7556}") = "MaslekaReader", "XmlTest\MaslekaReader.csproj", "{96AC578D-87B0-4B55-88C4-2FF503681A97}"
EndProject
Project("{FAE04EC0-301F-11D3-BF4B-00C04F79EFBC}") = "LeumiWebScraper", "LeumiWebScraper\LeumiWebScraper.csproj", "{9E65AB38-801F-4224-9390-82B2BD0E1781}"
EndProject
Project("{FAE04EC0-301F-11D3-BF4B-00C04F79EFBC}") = "CefScraper.Leumi", "CefScraper.Leumi\CefScraper.Leumi.csproj", "{7C0269BA-E222-4A5D-9D46-F224E18A70D9}"
EndProject
Project("{FAE04EC0-301F-11D3-BF4B-00C04F79EFBC}") = "TestConvert", "TestConvert\TestConvert.csproj", "{01AC7E94-F28D-49D5-AABE-CA779515B688}"
EndProject
Project("{9A19103F-16F7-4668-BE54-9A1E7A4F7556}") = "DistributedLock", "DistributedLock\DistributedLock.csproj", "{5F4F165D-6DDF-4FA9-A20E-70CC93881C4D}"
EndProject
Project("{9A19103F-16F7-4668-BE54-9A1E7A4F7556}") = "DataProvider.Test", "DataProvider.Test\DataProvider.Test.csproj", "{A440A096-291F-4A83-8F06-A19B6B239E7E}"
EndProject
Global
	GlobalSection(SolutionConfigurationPlatforms) = preSolution
		Debug|Any CPU = Debug|Any CPU
		Release|Any CPU = Release|Any CPU
	EndGlobalSection
	GlobalSection(ProjectConfigurationPlatforms) = postSolution
		{42636363-5398-4524-8796-9CD0CB17E018}.Debug|Any CPU.ActiveCfg = Debug|Any CPU
		{42636363-5398-4524-8796-9CD0CB17E018}.Debug|Any CPU.Build.0 = Debug|Any CPU
		{42636363-5398-4524-8796-9CD0CB17E018}.Release|Any CPU.ActiveCfg = Release|Any CPU
		{42636363-5398-4524-8796-9CD0CB17E018}.Release|Any CPU.Build.0 = Release|Any CPU
		{65186813-7F5D-4AEA-AD30-3162BABFB54E}.Debug|Any CPU.ActiveCfg = Debug|Any CPU
		{65186813-7F5D-4AEA-AD30-3162BABFB54E}.Debug|Any CPU.Build.0 = Debug|Any CPU
		{65186813-7F5D-4AEA-AD30-3162BABFB54E}.Release|Any CPU.ActiveCfg = Release|Any CPU
		{65186813-7F5D-4AEA-AD30-3162BABFB54E}.Release|Any CPU.Build.0 = Release|Any CPU
		{CFA988BC-7BF6-40D1-9196-D437CE36C02E}.Debug|Any CPU.ActiveCfg = Debug|Any CPU
		{CFA988BC-7BF6-40D1-9196-D437CE36C02E}.Debug|Any CPU.Build.0 = Debug|Any CPU
		{CFA988BC-7BF6-40D1-9196-D437CE36C02E}.Release|Any CPU.ActiveCfg = Release|Any CPU
		{CFA988BC-7BF6-40D1-9196-D437CE36C02E}.Release|Any CPU.Build.0 = Release|Any CPU
		{96F54586-9268-4362-AD42-1DF3937671CC}.Debug|Any CPU.ActiveCfg = Debug|Any CPU
		{96F54586-9268-4362-AD42-1DF3937671CC}.Debug|Any CPU.Build.0 = Debug|Any CPU
		{96F54586-9268-4362-AD42-1DF3937671CC}.Release|Any CPU.ActiveCfg = Release|Any CPU
		{96F54586-9268-4362-AD42-1DF3937671CC}.Release|Any CPU.Build.0 = Release|Any CPU
		{96AC578D-87B0-4B55-88C4-2FF503681A97}.Debug|Any CPU.ActiveCfg = Debug|Any CPU
		{96AC578D-87B0-4B55-88C4-2FF503681A97}.Debug|Any CPU.Build.0 = Debug|Any CPU
		{96AC578D-87B0-4B55-88C4-2FF503681A97}.Release|Any CPU.ActiveCfg = Release|Any CPU
		{96AC578D-87B0-4B55-88C4-2FF503681A97}.Release|Any CPU.Build.0 = Release|Any CPU
		{9E65AB38-801F-4224-9390-82B2BD0E1781}.Debug|Any CPU.ActiveCfg = Debug|Any CPU
		{9E65AB38-801F-4224-9390-82B2BD0E1781}.Debug|Any CPU.Build.0 = Debug|Any CPU
		{9E65AB38-801F-4224-9390-82B2BD0E1781}.Release|Any CPU.ActiveCfg = Release|Any CPU
		{9E65AB38-801F-4224-9390-82B2BD0E1781}.Release|Any CPU.Build.0 = Release|Any CPU
		{7C0269BA-E222-4A5D-9D46-F224E18A70D9}.Debug|Any CPU.ActiveCfg = Debug|Any CPU
		{7C0269BA-E222-4A5D-9D46-F224E18A70D9}.Debug|Any CPU.Build.0 = Debug|Any CPU
		{7C0269BA-E222-4A5D-9D46-F224E18A70D9}.Release|Any CPU.ActiveCfg = Release|Any CPU
		{7C0269BA-E222-4A5D-9D46-F224E18A70D9}.Release|Any CPU.Build.0 = Release|Any CPU
		{01AC7E94-F28D-49D5-AABE-CA779515B688}.Debug|Any CPU.ActiveCfg = Debug|Any CPU
		{01AC7E94-F28D-49D5-AABE-CA779515B688}.Debug|Any CPU.Build.0 = Debug|Any CPU
		{01AC7E94-F28D-49D5-AABE-CA779515B688}.Release|Any CPU.ActiveCfg = Release|Any CPU
		{01AC7E94-F28D-49D5-AABE-CA779515B688}.Release|Any CPU.Build.0 = Release|Any CPU
		{5F4F165D-6DDF-4FA9-A20E-70CC93881C4D}.Debug|Any CPU.ActiveCfg = Debug|Any CPU
		{5F4F165D-6DDF-4FA9-A20E-70CC93881C4D}.Debug|Any CPU.Build.0 = Debug|Any CPU
		{5F4F165D-6DDF-4FA9-A20E-70CC93881C4D}.Release|Any CPU.ActiveCfg = Release|Any CPU
		{5F4F165D-6DDF-4FA9-A20E-70CC93881C4D}.Release|Any CPU.Build.0 = Release|Any CPU
		{A440A096-291F-4A83-8F06-A19B6B239E7E}.Debug|Any CPU.ActiveCfg = Debug|Any CPU
		{A440A096-291F-4A83-8F06-A19B6B239E7E}.Debug|Any CPU.Build.0 = Debug|Any CPU
		{A440A096-291F-4A83-8F06-A19B6B239E7E}.Release|Any CPU.ActiveCfg = Release|Any CPU
		{A440A096-291F-4A83-8F06-A19B6B239E7E}.Release|Any CPU.Build.0 = Release|Any CPU
	EndGlobalSection
	GlobalSection(SolutionProperties) = preSolution
		HideSolutionNode = FALSE
	EndGlobalSection
	GlobalSection(ExtensibilityGlobals) = postSolution
		SolutionGuid = {69DA85BE-2C5F-40E2-B603-66F8533324F0}
	EndGlobalSection
EndGlobal
